# This file is generated by running "yarn install" inside your project.
# Manual changes might be lost - proceed with caution!

__metadata:
  version: 8
  cacheKey: 10c0

"@re-graphql-codegen/graphql-codegen@workspace:*, @re-graphql-codegen/graphql-codegen@workspace:packages/graphql-codegen":
  version: 0.0.0-use.local
  resolution: "@re-graphql-codegen/graphql-codegen@workspace:packages/graphql-codegen"
  dependencies:
    "@re-graphql-codegen/graphql": "workspace:*"
    "@rescript/core": "git+https://github.com/cwstra/rescript-core#rescript-v11"
    rescript: "npm:^11.0.0-rc.7"
  peerDependencies:
    graphql: ^0.12.0 || ^0.13.0 || ^14.0.0 || ^16.0.0
  languageName: unknown
  linkType: soft

"@re-graphql-codegen/graphql@workspace:*, @re-graphql-codegen/graphql@workspace:packages/graphql":
  version: 0.0.0-use.local
  resolution: "@re-graphql-codegen/graphql@workspace:packages/graphql"
  dependencies:
    "@rescript/core": "git+https://github.com/cwstra/rescript-core#rescript-v11"
    rescript: "npm:^11.0.0-rc.7"
  peerDependencies:
    graphql: ^0.12.0 || ^0.13.0 || ^14.0.0 || ^16.0.0
  languageName: unknown
  linkType: soft

"@re-graphql-codegen/operations@workspace:packages/operations":
  version: 0.0.0-use.local
  resolution: "@re-graphql-codegen/operations@workspace:packages/operations"
  dependencies:
    "@re-graphql-codegen/graphql": "workspace:*"
    "@re-graphql-codegen/graphql-codegen": "workspace:*"
    "@rescript/core": "git+https://github.com/cwstra/rescript-core#rescript-v11"
    rescript: "npm:^11.0.0-rc.7"
  peerDependencies:
    graphql: ^0.12.0 || ^0.13.0 || ^14.0.0 || ^16.0.0
  languageName: unknown
  linkType: soft

"@rescript/core@git+https://github.com/cwstra/rescript-core#rescript-v11":
  version: 1.0.0
  resolution: "@rescript/core@https://github.com/cwstra/rescript-core.git#commit=b111c2af995963f99742a6ab3ce2587634d4cbb8"
  peerDependencies:
    rescript: ">= 11.0.0-rc.5"
  checksum: 69dc865b528e584ea95b904da9c184ed3997197135ec64c0ca263ada41a3a4b4c65ae1ae800ed6811548d844627c2058912a0ee3df99e5ef7e43f5ac278b47bd
  languageName: node
  linkType: hard

"graphql@npm:^16.0.0":
  version: 16.8.1
  resolution: "graphql@npm:16.8.1"
  checksum: 129c318156b466f440914de80dbf7bc67d17f776f2a088a40cb0da611d19a97c224b1c6d2b13cbcbc6e5776e45ed7468b8432f9c3536724e079b44f1a3d57a8a
  languageName: node
  linkType: hard

"re-graphql-codegen@workspace:.":
  version: 0.0.0-use.local
  resolution: "re-graphql-codegen@workspace:."
  dependencies:
    "@rescript/core": "git+https://github.com/cwstra/rescript-core#rescript-v11"
    graphql: "npm:^16.0.0"
    rescript: "npm:^11.0.0-rc.7"
  languageName: unknown
  linkType: soft

"rescript@npm:^11.0.0-rc.7":
  version: 11.0.0-rc.7
  resolution: "rescript@npm:11.0.0-rc.7"
  bin:
    bsc: bsc
    bstracing: lib/bstracing
    rescript: rescript
  checksum: ad9976378be09fdf59e1e7be771d8a0805b6cd8522e997cc3cdfc99a544031ff9817c30e8e96e0eab8125dbfb7bcb3b3750ae0ba7ca2e4a5380c85d992d16333
  languageName: node
  linkType: hard
